
Microsoft Visual Studio Solution File, Format Version 12.00
# Visual Studio Version 17
VisualStudioVersion = 17.2.32519.379
MinimumVisualStudioVersion = 10.0.40219.1
Project("{9A19103F-16F7-4668-BE54-9A1E7A4F7556}") = "StudsovetBot", "StudsovetBot.csproj", "{23B52DC6-6EDE-47FB-A312-62CF3ADD771E}"
EndProject
Global
	GlobalSection(SolutionConfigurationPlatforms) = preSolution
		Debug|Any CPU = Debug|Any CPU
		Release|Any CPU = Release|Any CPU
	EndGlobalSection
	GlobalSection(ProjectConfigurationPlatforms) = postSolution
		{23B52DC6-6EDE-47FB-A312-62CF3ADD771E}.Debug|Any CPU.ActiveCfg = Debug|Any CPU
		{23B52DC6-6EDE-47FB-A312-62CF3ADD771E}.Debug|Any CPU.Build.0 = Debug|Any CPU
		{23B52DC6-6EDE-47FB-A312-62CF3ADD771E}.Release|Any CPU.ActiveCfg = Release|Any CPU
		{23B52DC6-6EDE-47FB-A312-62CF3ADD771E}.Release|Any CPU.Build.0 = Release|Any CPU
	EndGlobalSection
	GlobalSection(SolutionProperties) = preSolution
		HideSolutionNode = FALSE
	EndGlobalSection
	GlobalSection(ExtensibilityGlobals) = postSolution
		SolutionGuid = {F60C336C-E42F-4D80-B970-CBB882A12AEF}
	EndGlobalSection
EndGlobal
